
Microsoft Visual Studio Solution File, Format Version 12.00
# Visual Studio Version 17
VisualStudioVersion = 17.6.33829.357
MinimumVisualStudioVersion = 10.0.40219.1
Project("{FAE04EC0-301F-11D3-BF4B-00C04F79EFBC}") = "Assignments", "Assignments\Assignments.csproj", "{1C132AC3-DDDC-429E-829A-05EA6AF1D89D}"
EndProject
Global
	GlobalSection(SolutionConfigurationPlatforms) = preSolution
		Debug|Any CPU = Debug|Any CPU
		Release|Any CPU = Release|Any CPU
	EndGlobalSection
	GlobalSection(ProjectConfigurationPlatforms) = postSolution
		{1C132AC3-DDDC-429E-829A-05EA6AF1D89D}.Debug|Any CPU.ActiveCfg = Debug|Any CPU
		{1C132AC3-DDDC-429E-829A-05EA6AF1D89D}.Debug|Any CPU.Build.0 = Debug|Any CPU
		{1C132AC3-DDDC-429E-829A-05EA6AF1D89D}.Release|Any CPU.ActiveCfg = Release|Any CPU
		{1C132AC3-DDDC-429E-829A-05EA6AF1D89D}.Release|Any CPU.Build.0 = Release|Any CPU
	EndGlobalSection
	GlobalSection(SolutionProperties) = preSolution
		HideSolutionNode = FALSE
	EndGlobalSection
	GlobalSection(ExtensibilityGlobals) = postSolution
		SolutionGuid = {E013DD83-1FFB-441D-AFFC-5ACD53D0346C}
	EndGlobalSection
EndGlobal
